Pillow==12.3.0
PyYAML==6.0.3
Shapely==2.1.2
colorama==0.4.6
flatbuffers==25.12.19
numpy==2.5.3
onnxruntime==1.29.0
opencv-python==5.0.0.93
packaging==26.3
protobuf==7.36.1
pyclipper==1.4.0
rapidocr-onnxruntime==1.4.4
resvg-py==0.5.0
scipy==1.18.1
six==1.17.0
svgelements==1.9.6
svgpathtools==1.8.0
svgwrite==1.4.3
tqdm==4.70.0
vtracer==0.6.15
